
Microsoft Visual Studio Solution File, Format Version 12.00
# Visual Studio Version 17
VisualStudioVersion = 17.0.31903.59
MinimumVisualStudioVersion = 10.0.40219.1
Project("{9A19103F-16F7-4668-BE54-9A1E7A4F7556}") = "TestProject.Nunit", "TestProject.Nunit\TestProject.Nunit.csproj", "{6FF567D6-6DCC-4C9A-BFC0-2B883ECB947C}"
EndProject
Project("{9A19103F-16F7-4668-BE54-9A1E7A4F7556}") = "TestProject.Library", "TestProject.Library\TestProject.Library.csproj", "{F276B774-844E-45AC-9CB8-930AF9C7B429}"
EndProject
Global
	GlobalSection(SolutionConfigurationPlatforms) = preSolution
		Debug|Any CPU = Debug|Any CPU
		Release|Any CPU = Release|Any CPU
	EndGlobalSection
	GlobalSection(ProjectConfigurationPlatforms) = postSolution
		{6FF567D6-6DCC-4C9A-BFC0-2B883ECB947C}.Debug|Any CPU.ActiveCfg = Debug|Any CPU
		{6FF567D6-6DCC-4C9A-BFC0-2B883ECB947C}.Debug|Any CPU.Build.0 = Debug|Any CPU
		{6FF567D6-6DCC-4C9A-BFC0-2B883ECB947C}.Release|Any CPU.ActiveCfg = Release|Any CPU
		{6FF567D6-6DCC-4C9A-BFC0-2B883ECB947C}.Release|Any CPU.Build.0 = Release|Any CPU
		{F276B774-844E-45AC-9CB8-930AF9C7B429}.Debug|Any CPU.ActiveCfg = Debug|Any CPU
		{F276B774-844E-45AC-9CB8-930AF9C7B429}.Debug|Any CPU.Build.0 = Debug|Any CPU
		{F276B774-844E-45AC-9CB8-930AF9C7B429}.Release|Any CPU.ActiveCfg = Release|Any CPU
		{F276B774-844E-45AC-9CB8-930AF9C7B429}.Release|Any CPU.Build.0 = Release|Any CPU
	EndGlobalSection
	GlobalSection(SolutionProperties) = preSolution
		HideSolutionNode = FALSE
	EndGlobalSection
	GlobalSection(ExtensibilityGlobals) = postSolution
		SolutionGuid = {42760811-1A02-4897-8A25-314B950C18F4}
	EndGlobalSection
EndGlobal
